<?xml version="1.0" encoding="utf-8"?>
<Project ToolsVersion="4.0" xmlns="http://schemas.microsoft.com/developer/msbuild/2003">
  <ItemGroup>
    <Filter Include="Source Files">
      <UniqueIdentifier>{a368a9cd-5138-4ae9-ad4c-405b99dae12f}</UniqueIdentifier>
      <Extensions>cpp;c;cxx;rc;def;r;odl;idl;hpj;bat</Extensions>
    </Filter>
    <Filter Include="Header Files">
      <UniqueIdentifier>{56c18a2b-24cb-472f-87b1-40367bc11d32}</UniqueIdentifier>
      <Extensions>h;hpp;hxx;hm;inl</Extensions>
    </Filter>
    <Filter Include="Resource Files">
      <UniqueIdentifier>{a7d36187-a882-41bb-91bc-18c30ddd4dc2}</UniqueIdentifier>
      <Extensions>ico;cur;bmp;dlg;rc2;rct;bin;rgs;gif;jpg;jpeg;jpe</Extensions>
    </Filter>
    <Filter Include="States and State Machine">
      <UniqueIdentifier>{f9fc2c58-faaf-42aa-8c4b-aa4bdb0225d4}</UniqueIdentifier>
    </Filter>
    <Filter Include="Messaging">
      <UniqueIdentifier>{321181a8-0058-4d98-8e46-ec5c3cb8cb38}</UniqueIdentifier>
    </Filter>
    <Filter Include="Entity related">
      <UniqueIdentifier>{e865a0b4-7460-43e8-b421-469bbe10a7f5}</UniqueIdentifier>
    </Filter>
    <Filter Include="common">
      <UniqueIdentifier>{60df48fc-3733-4bde-918b-ab893922eace}</UniqueIdentifier>
    </Filter>
  </ItemGroup>
  <ItemGroup>
    <ClCompile Include="main.cpp">
      <Filter>Source Files</Filter>
    </ClCompile>
    <ClCompile Include="ParamLoader.cpp">
      <Filter>Source Files</Filter>
    </ClCompile>
    <ClCompile Include="SoccerPitch.cpp">
      <Filter>Source Files</Filter>
    </ClCompile>
    <ClCompile Include="SoccerTeam.cpp">
      <Filter>Source Files</Filter>
    </ClCompile>
    <ClCompile Include="SteeringBehaviors.cpp">
      <Filter>Source Files</Filter>
    </ClCompile>
    <ClCompile Include="SupportSpotCalculator.cpp">
      <Filter>Source Files</Filter>
    </ClCompile>
    <ClCompile Include="FieldPlayerStates.cpp">
      <Filter>States and State Machine</Filter>
    </ClCompile>
    <ClCompile Include="GoalKeeperStates.cpp">
      <Filter>States and State Machine</Filter>
    </ClCompile>
    <ClCompile Include="TeamStates.cpp">
      <Filter>States and State Machine</Filter>
    </ClCompile>
    <ClCompile Include="..\Common\Messaging\MessageDispatcher.cpp">
      <Filter>Messaging</Filter>
    </ClCompile>
    <ClCompile Include="SoccerMessages.cpp">
      <Filter>Messaging</Filter>
    </ClCompile>
    <ClCompile Include="..\Common\Game\BaseGameEntity.cpp">
      <Filter>Entity related</Filter>
    </ClCompile>
    <ClCompile Include="..\Common\Game\EntityManager.cpp">
      <Filter>Entity related</Filter>
    </ClCompile>
    <ClCompile Include="FieldPlayer.cpp">
      <Filter>Entity related</Filter>
    </ClCompile>
    <ClCompile Include="Goalkeeper.cpp">
      <Filter>Entity related</Filter>
    </ClCompile>
    <ClCompile Include="PlayerBase.cpp">
      <Filter>Entity related</Filter>
    </ClCompile>
    <ClCompile Include="SoccerBall.cpp">
      <Filter>Entity related</Filter>
    </ClCompile>
    <ClCompile Include="..\Common\misc\Cgdi.cpp">
      <Filter>common</Filter>
    </ClCompile>
    <ClCompile Include="..\Common\Debug\DebugConsole.cpp">
      <Filter>common</Filter>
    </ClCompile>
    <ClCompile Include="..\Common\misc\FrameCounter.cpp">
      <Filter>common</Filter>
    </ClCompile>
    <ClCompile Include="..\Common\misc\iniFileLoaderBase.cpp">
      <Filter>common</Filter>
    </ClCompile>
    <ClCompile Include="..\Common\Time\PrecisionTimer.cpp">
      <Filter>common</Filter>
    </ClCompile>
    <ClCompile Include="..\Common\2D\Vector2d.cpp">
      <Filter>common</Filter>
    </ClCompile>
    <ClCompile Include="..\Common\misc\WindowUtils.cpp">
      <Filter>common</Filter>
    </ClCompile>
  </ItemGroup>
  <ItemGroup>
    <ClInclude Include="constants.h">
      <Filter>Header Files</Filter>
    </ClInclude>
    <ClInclude Include="Goal.h">
      <Filter>Header Files</Filter>
    </ClInclude>
    <ClInclude Include="ParamLoader.h">
      <Filter>Header Files</Filter>
    </ClInclude>
    <ClInclude Include="SoccerPitch.h">
      <Filter>Header Files</Filter>
    </ClInclude>
    <ClInclude Include="SoccerTeam.h">
      <Filter>Header Files</Filter>
    </ClInclude>
    <ClInclude Include="SteeringBehaviors.h">
      <Filter>Header Files</Filter>
    </ClInclude>
    <ClInclude Include="SupportSpotCalculator.h">
      <Filter>Header Files</Filter>
    </ClInclude>
    <ClInclude Include="resource.h">
      <Filter>Resource Files</Filter>
    </ClInclude>
    <ClInclude Include="FieldPlayerStates.h">
      <Filter>States and State Machine</Filter>
    </ClInclude>
    <ClInclude Include="GoalKeeperStates.h">
      <Filter>States and State Machine</Filter>
    </ClInclude>
    <ClInclude Include="..\Common\FSM\State.h">
      <Filter>States and State Machine</Filter>
    </ClInclude>
    <ClInclude Include="..\Common\FSM\StateMachine.h">
      <Filter>States and State Machine</Filter>
    </ClInclude>
    <ClInclude Include="TeamStates.h">
      <Filter>States and State Machine</Filter>
    </ClInclude>
    <ClInclude Include="..\Common\Messaging\MessageDispatcher.h">
      <Filter>Messaging</Filter>
    </ClInclude>
    <ClInclude Include="SoccerMessages.h">
      <Filter>Messaging</Filter>
    </ClInclude>
    <ClInclude Include="..\Common\Messaging\Telegram.h">
      <Filter>Messaging</Filter>
    </ClInclude>
    <ClInclude Include="..\Common\Game\BaseGameEntity.h">
      <Filter>Entity related</Filter>
    </ClInclude>
    <ClInclude Include="..\Common\Game\EntityFunctionTemplates.h">
      <Filter>Entity related</Filter>
    </ClInclude>
    <ClInclude Include="..\Common\Game\EntityManager.h">
      <Filter>Entity related</Filter>
    </ClInclude>
    <ClInclude Include="FieldPlayer.h">
      <Filter>Entity related</Filter>
    </ClInclude>
    <ClInclude Include="Goalkeeper.h">
      <Filter>Entity related</Filter>
    </ClInclude>
    <ClInclude Include="..\Common\Game\MovingEntity.h">
      <Filter>Entity related</Filter>
    </ClInclude>
    <ClInclude Include="PlayerBase.h">
      <Filter>Entity related</Filter>
    </ClInclude>
    <ClInclude Include="SoccerBall.h">
      <Filter>Entity related</Filter>
    </ClInclude>
    <ClInclude Include="..\Common\misc\autolist.h">
      <Filter>common</Filter>
    </ClInclude>
    <ClInclude Include="..\Common\2D\C2DMatrix.h">
      <Filter>common</Filter>
    </ClInclude>
    <ClInclude Include="..\Common\misc\Cgdi.h">
      <Filter>common</Filter>
    </ClInclude>
    <ClInclude Include="..\Common\Debug\DebugConsole.h">
      <Filter>common</Filter>
    </ClInclude>
    <ClInclude Include="..\Common\misc\FrameCounter.h">
      <Filter>common</Filter>
    </ClInclude>
    <ClInclude Include="..\Common\2D\geometry.h">
      <Filter>common</Filter>
    </ClInclude>
    <ClInclude Include="..\Common\misc\iniFileLoaderBase.h">
      <Filter>common</Filter>
    </ClInclude>
    <ClInclude Include="..\Common\Time\PrecisionTimer.h">
      <Filter>common</Filter>
    </ClInclude>
    <ClInclude Include="..\Common\Game\Region.h">
      <Filter>common</Filter>
    </ClInclude>
    <ClInclude Include="..\Common\Time\Regulator.h">
      <Filter>common</Filter>
    </ClInclude>
    <ClInclude Include="..\Common\2D\Transformations.h">
      <Filter>common</Filter>
    </ClInclude>
    <ClInclude Include="..\Common\misc\utils.h">
      <Filter>common</Filter>
    </ClInclude>
    <ClInclude Include="..\Common\2D\Vector2D.h">
      <Filter>common</Filter>
    </ClInclude>
    <ClInclude Include="..\Common\2D\Wall2D.h">
      <Filter>common</Filter>
    </ClInclude>
    <ClInclude Include="..\Common\misc\WindowUtils.h">
      <Filter>common</Filter>
    </ClInclude>
  </ItemGroup>
  <ItemGroup>
    <Image Include="icon1.ico">
      <Filter>Resource Files</Filter>
    </Image>
  </ItemGroup>
  <ItemGroup>
    <None Include="Params.ini">
      <Filter>Resource Files</Filter>
    </None>
  </ItemGroup>
  <ItemGroup>
    <ResourceCompile Include="Script1.rc">
      <Filter>Resource Files</Filter>
    </ResourceCompile>
  </ItemGroup>
</Project>